
Microsoft Visual Studio Solution File, Format Version 12.00
# Visual Studio Version 16
VisualStudioVersion = 16.0.30711.63
MinimumVisualStudioVersion = 10.0.40219.1
Project("{FAE04EC0-301F-11D3-BF4B-00C04F79EFBC}") = "HMS.Web_Api", "HMS.Web_Api\HMS.Web_Api.csproj", "{EFE6AF98-04A7-4A5C-9413-4220EA72247D}"
EndProject
Project("{FAE04EC0-301F-11D3-BF4B-00C04F79EFBC}") = "HMS.BAL", "HMS.BAL\HMS.BAL.csproj", "{B85851A9-3279-4F2B-9279-9EC62B5C3806}"
EndProject
Project("{FAE04EC0-301F-11D3-BF4B-00C04F79EFBC}") = "HMS.Models", "HMS.Models\HMS.Models.csproj", "{D89BD5D9-D47C-487C-8BD9-BFCE0170BA05}"
EndProject
Project("{FAE04EC0-301F-11D3-BF4B-00C04F79EFBC}") = "HMS.DAL", "HMS.DAL\HMS.DAL.csproj", "{D3ED13B3-3697-44CE-9820-A5A72AD3E2EA}"
EndProject
Global
	GlobalSection(SolutionConfigurationPlatforms) = preSolution
		Debug|Any CPU = Debug|Any CPU
		Release|Any CPU = Release|Any CPU
	EndGlobalSection
	GlobalSection(ProjectConfigurationPlatforms) = postSolution
		{EFE6AF98-04A7-4A5C-9413-4220EA72247D}.Debug|Any CPU.ActiveCfg = Debug|Any CPU
		{EFE6AF98-04A7-4A5C-9413-4220EA72247D}.Debug|Any CPU.Build.0 = Debug|Any CPU
		{EFE6AF98-04A7-4A5C-9413-4220EA72247D}.Release|Any CPU.ActiveCfg = Release|Any CPU
		{EFE6AF98-04A7-4A5C-9413-4220EA72247D}.Release|Any CPU.Build.0 = Release|Any CPU
		{B85851A9-3279-4F2B-9279-9EC62B5C3806}.Debug|Any CPU.ActiveCfg = Debug|Any CPU
		{B85851A9-3279-4F2B-9279-9EC62B5C3806}.Debug|Any CPU.Build.0 = Debug|Any CPU
		{B85851A9-3279-4F2B-9279-9EC62B5C3806}.Release|Any CPU.ActiveCfg = Release|Any CPU
		{B85851A9-3279-4F2B-9279-9EC62B5C3806}.Release|Any CPU.Build.0 = Release|Any CPU
		{D89BD5D9-D47C-487C-8BD9-BFCE0170BA05}.Debug|Any CPU.ActiveCfg = Debug|Any CPU
		{D89BD5D9-D47C-487C-8BD9-BFCE0170BA05}.Debug|Any CPU.Build.0 = Debug|Any CPU
		{D89BD5D9-D47C-487C-8BD9-BFCE0170BA05}.Release|Any CPU.ActiveCfg = Release|Any CPU
		{D89BD5D9-D47C-487C-8BD9-BFCE0170BA05}.Release|Any CPU.Build.0 = Release|Any CPU
		{D3ED13B3-3697-44CE-9820-A5A72AD3E2EA}.Debug|Any CPU.ActiveCfg = Debug|Any CPU
		{D3ED13B3-3697-44CE-9820-A5A72AD3E2EA}.Debug|Any CPU.Build.0 = Debug|Any CPU
		{D3ED13B3-3697-44CE-9820-A5A72AD3E2EA}.Release|Any CPU.ActiveCfg = Release|Any CPU
		{D3ED13B3-3697-44CE-9820-A5A72AD3E2EA}.Release|Any CPU.Build.0 = Release|Any CPU
	EndGlobalSection
	GlobalSection(SolutionProperties) = preSolution
		HideSolutionNode = FALSE
	EndGlobalSection
	GlobalSection(ExtensibilityGlobals) = postSolution
		SolutionGuid = {715DC55D-D90C-45A0-B90B-0EFC19744874}
	EndGlobalSection
EndGlobal
